
Microsoft Visual Studio Solution File, Format Version 12.00
# Visual Studio Version 17
VisualStudioVersion = 17.7.34031.279
MinimumVisualStudioVersion = 10.0.40219.1
Project("{2150E333-8FDC-42A3-9474-1A3956D46DE8}") = "Services", "Services", "{961781B5-E861-492B-8EC0-053CD3BBF7ED}"
EndProject
Project("{FAE04EC0-301F-11D3-BF4B-00C04F79EFBC}") = "Products", "Services\Products\Products.csproj", "{4CDEF7E1-953F-41DD-AAEC-09154DAB4352}"
EndProject
Global
	GlobalSection(SolutionConfigurationPlatforms) = preSolution
		Debug|Any CPU = Debug|Any CPU
		Release|Any CPU = Release|Any CPU
	EndGlobalSection
	GlobalSection(ProjectConfigurationPlatforms) = postSolution
		{4CDEF7E1-953F-41DD-AAEC-09154DAB4352}.Debug|Any CPU.ActiveCfg = Debug|Any CPU
		{4CDEF7E1-953F-41DD-AAEC-09154DAB4352}.Debug|Any CPU.Build.0 = Debug|Any CPU
		{4CDEF7E1-953F-41DD-AAEC-09154DAB4352}.Release|Any CPU.ActiveCfg = Release|Any CPU
		{4CDEF7E1-953F-41DD-AAEC-09154DAB4352}.Release|Any CPU.Build.0 = Release|Any CPU
	EndGlobalSection
	GlobalSection(SolutionProperties) = preSolution
		HideSolutionNode = FALSE
	EndGlobalSection
	GlobalSection(NestedProjects) = preSolution
		{4CDEF7E1-953F-41DD-AAEC-09154DAB4352} = {961781B5-E861-492B-8EC0-053CD3BBF7ED}
	EndGlobalSection
	GlobalSection(ExtensibilityGlobals) = postSolution
		SolutionGuid = {95291976-C7B3-4399-A6D7-2774B1573164}
	EndGlobalSection
EndGlobal
